// !$*UTF8*$!
{
	archiveVersion = 1;
	classes = {
	};
	objectVersion = 50;
	objects = {

/* Begin PBXBuildFile section */
		F18D6EA823DFEEFA006C4BEE /* main.cpp in Sources */ = {isa = PBXBuildFile; fileRef = F18D6EA723DFEEFA006C4BEE /* main.cpp */; };
		F19F998B23E009BD0015AA1F /* WFC.cpp in Sources */ = {isa = PBXBuildFile; fileRef = F19F998923E009BD0015AA1F /* WFC.cpp */; };
		F1E00E1B23DFF1080006F3A6 /* Input.cpp in Sources */ = {isa = PBXBuildFile; fileRef = F1E00E1923DFF1080006F3A6 /* Input.cpp */; };
		F1E00E2223DFF5040006F3A6 /* Vec2.cpp in Sources */ = {isa = PBXBuildFile; fileRef = F1E00E2023DFF5040006F3A6 /* Vec2.cpp */; };
		F1E00E2523DFF81A0006F3A6 /* Pattern.cpp in Sources */ = {isa = PBXBuildFile; fileRef = F1E00E2323DFF81A0006F3A6 /* Pattern.cpp */; };
/* End PBXBuildFile section */

/* Begin PBXCopyFilesBuildPhase section */
		F18D6EA223DFEEFA006C4BEE /* CopyFiles */ = {
			isa = PBXCopyFilesBuildPhase;
			buildActionMask = 2147483647;
			dstPath = /usr/share/man/man1/;
			dstSubfolderSpec = 0;
			files = (
			);
			runOnlyForDeploymentPostprocessing = 1;
		};
/* End PBXCopyFilesBuildPhase section */

/* Begin PBXFileReference section */
		F18D6EA423DFEEFA006C4BEE /* WFC */ = {isa = PBXFileReference; explicitFileType = "compiled.mach-o.executable"; includeInIndex = 0; path = WFC; sourceTree = BUILT_PRODUCTS_DIR; };
		F18D6EA723DFEEFA006C4BEE /* main.cpp */ = {isa = PBXFileReference; lastKnownFileType = sourcecode.cpp.cpp; path = main.cpp; sourceTree = "<group>"; };
		F19F998923E009BD0015AA1F /* WFC.cpp */ = {isa = PBXFileReference; lastKnownFileType = sourcecode.cpp.cpp; path = WFC.cpp; sourceTree = "<group>"; };
		F19F998A23E009BD0015AA1F /* WFC.hpp */ = {isa = PBXFileReference; lastKnownFileType = sourcecode.cpp.h; path = WFC.hpp; sourceTree = "<group>"; };
		F1E00E1923DFF1080006F3A6 /* Input.cpp */ = {isa = PBXFileReference; lastKnownFileType = sourcecode.cpp.cpp; path = Input.cpp; sourceTree = "<group>"; };
		F1E00E1A23DFF1080006F3A6 /* Input.hpp */ = {isa = PBXFileReference; lastKnownFileType = sourcecode.cpp.h; path = Input.hpp; sourceTree = "<group>"; };
		F1E00E1C23DFF1880006F3A6 /* README.md */ = {isa = PBXFileReference; lastKnownFileType = net.daringfireball.markdown; path = README.md; sourceTree = "<group>"; };
		F1E00E1E23DFF2730006F3A6 /* default */ = {isa = PBXFileReference; lastKnownFileType = text; path = default; sourceTree = "<group>"; };
		F1E00E2023DFF5040006F3A6 /* Vec2.cpp */ = {isa = PBXFileReference; lastKnownFileType = sourcecode.cpp.cpp; path = Vec2.cpp; sourceTree = "<group>"; };
		F1E00E2123DFF5040006F3A6 /* Vec2.hpp */ = {isa = PBXFileReference; lastKnownFileType = sourcecode.cpp.h; path = Vec2.hpp; sourceTree = "<group>"; };
		F1E00E2323DFF81A0006F3A6 /* Pattern.cpp */ = {isa = PBXFileReference; lastKnownFileType = sourcecode.cpp.cpp; path = Pattern.cpp; sourceTree = "<group>"; };
		F1E00E2423DFF81A0006F3A6 /* Pattern.hpp */ = {isa = PBXFileReference; lastKnownFileType = sourcecode.cpp.h; path = Pattern.hpp; sourceTree = "<group>"; };
/* End PBXFileReference section */

/* Begin PBXFrameworksBuildPhase section */
		F18D6EA123DFEEFA006C4BEE /* Frameworks */ = {
			isa = PBXFrameworksBuildPhase;
			buildActionMask = 2147483647;
			files = (
			);
			runOnlyForDeploymentPostprocessing = 0;
		};
/* End PBXFrameworksBuildPhase section */

/* Begin PBXGroup section */
		F18D6E9B23DFEEFA006C4BEE = {
			isa = PBXGroup;
			children = (
				F1E00E1D23DFF25E0006F3A6 /* Assets */,
				F1E00E1C23DFF1880006F3A6 /* README.md */,
				F18D6EA623DFEEFA006C4BEE /* WFC */,
				F18D6EA523DFEEFA006C4BEE /* Products */,
			);
			sourceTree = "<group>";
		};
		F18D6EA523DFEEFA006C4BEE /* Products */ = {
			isa = PBXGroup;
			children = (
				F18D6EA423DFEEFA006C4BEE /* WFC */,
			);
			name = Products;
			sourceTree = "<group>";
		};
		F18D6EA623DFEEFA006C4BEE /* WFC */ = {
			isa = PBXGroup;
			children = (
				F18D6EA723DFEEFA006C4BEE /* main.cpp */,
				F1E00E1923DFF1080006F3A6 /* Input.cpp */,
				F1E00E1A23DFF1080006F3A6 /* Input.hpp */,
				F1E00E2023DFF5040006F3A6 /* Vec2.cpp */,
				F1E00E2123DFF5040006F3A6 /* Vec2.hpp */,
				F1E00E2323DFF81A0006F3A6 /* Pattern.cpp */,
				F1E00E2423DFF81A0006F3A6 /* Pattern.hpp */,
				F19F998923E009BD0015AA1F /* WFC.cpp */,
				F19F998A23E009BD0015AA1F /* WFC.hpp */,
			);
			path = WFC;
			sourceTree = "<group>";
		};
		F1E00E1D23DFF25E0006F3A6 /* Assets */ = {
			isa = PBXGroup;
			children = (
				F1E00E1E23DFF2730006F3A6 /* default */,
			);
			path = Assets;
			sourceTree = "<group>";
		};
/* End PBXGroup section */

/* Begin PBXNativeTarget section */
		F18D6EA323DFEEFA006C4BEE /* WFC */ = {
			isa = PBXNativeTarget;
			buildConfigurationList = F18D6EAB23DFEEFA006C4BEE /* Build configuration list for PBXNativeTarget "WFC" */;
			buildPhases = (
				F18D6EA023DFEEFA006C4BEE /* Sources */,
				F18D6EA123DFEEFA006C4BEE /* Frameworks */,
				F18D6EA223DFEEFA006C4BEE /* CopyFiles */,
				F1E00E1F23DFF3190006F3A6 /* ShellScript */,
			);
			buildRules = (
			);
			dependencies = (
			);
			name = WFC;
			productName = WFC;
			productReference = F18D6EA423DFEEFA006C4BEE /* WFC */;
			productType = "com.apple.product-type.tool";
		};
/* End PBXNativeTarget section */

/* Begin PBXProject section */
		F18D6E9C23DFEEFA006C4BEE /* Project object */ = {
			isa = PBXProject;
			attributes = {
				LastUpgradeCheck = 1130;
				ORGANIZATIONNAME = aiofwa;
				TargetAttributes = {
					F18D6EA323DFEEFA006C4BEE = {
						CreatedOnToolsVersion = 11.3.1;
					};
				};
			};
			buildConfigurationList = F18D6E9F23DFEEFA006C4BEE /* Build configuration list for PBXProject "WFC" */;
			compatibilityVersion = "Xcode 9.3";
			developmentRegion = en;
			hasScannedForEncodings = 0;
			knownRegions = (
				en,
				Base,
			);
			mainGroup = F18D6E9B23DFEEFA006C4BEE;
			productRefGroup = F18D6EA523DFEEFA006C4BEE /* Products */;
			projectDirPath = "";
			projectRoot = "";
			targets = (
				F18D6EA323DFEEFA006C4BEE /* WFC */,
			);
		};
/* End PBXProject section */

/* Begin PBXShellScriptBuildPhase section */
		F1E00E1F23DFF3190006F3A6 /* ShellScript */ = {
			isa = PBXShellScriptBuildPhase;
			buildActionMask = 2147483647;
			files = (
			);
			inputFileListPaths = (
			);
			inputPaths = (
			);
			outputFileListPaths = (
			);
			outputPaths = (
			);
			runOnlyForDeploymentPostprocessing = 0;
			shellPath = /bin/sh;
			shellScript = "cp -r ${SRCROOT}/Assets ${BUILT_PRODUCTS_DIR}\n";
		};
/* End PBXShellScriptBuildPhase section */

/* Begin PBXSourcesBuildPhase section */
		F18D6EA023DFEEFA006C4BEE /* Sources */ = {
			isa = PBXSourcesBuildPhase;
			buildActionMask = 2147483647;
			files = (
				F19F998B23E009BD0015AA1F /* WFC.cpp in Sources */,
				F1E00E2223DFF5040006F3A6 /* Vec2.cpp in Sources */,
				F1E00E1B23DFF1080006F3A6 /* Input.cpp in Sources */,
				F1E00E2523DFF81A0006F3A6 /* Pattern.cpp in Sources */,
				F18D6EA823DFEEFA006C4BEE /* main.cpp in Sources */,
			);
			runOnlyForDeploymentPostprocessing = 0;
		};
/* End PBXSourcesBuildPhase section */

/* Begin XCBuildConfiguration section */
		F18D6EA923DFEEFA006C4BEE /* Debug */ = {
			isa = XCBuildConfiguration;
			buildSettings = {
				ALWAYS_SEARCH_USER_PATHS = NO;
				CLANG_ANALYZER_NONNULL = YES;
				CLANG_ANALYZER_NUMBER_OBJECT_CONVERSION = YES_AGGRESSIVE;
				CLANG_CXX_LANGUAGE_STANDARD = "gnu++14";
				CLANG_CXX_LIBRARY = "libc++";
				CLANG_ENABLE_MODULES = YES;
				CLANG_ENABLE_OBJC_ARC = YES;
				CLANG_ENABLE_OBJC_WEAK = YES;
				CLANG_WARN_BLOCK_CAPTURE_AUTORELEASING = YES;
				CLANG_WARN_BOOL_CONVERSION = YES;
				CLANG_WARN_COMMA = YES;
				CLANG_WARN_CONSTANT_CONVERSION = YES;
				CLANG_WARN_DEPRECATED_OBJC_IMPLEMENTATIONS = YES;
				CLANG_WARN_DIRECT_OBJC_ISA_USAGE = YES_ERROR;
				CLANG_WARN_DOCUMENTATION_COMMENTS = YES;
				CLANG_WARN_EMPTY_BODY = YES;
				CLANG_WARN_ENUM_CONVERSION = YES;
				CLANG_WARN_INFINITE_RECURSION = YES;
				CLANG_WARN_INT_CONVERSION = YES;
				CLANG_WARN_NON_LITERAL_NULL_CONVERSION = YES;
				CLANG_WARN_OBJC_IMPLICIT_RETAIN_SELF = YES;
				CLANG_WARN_OBJC_LITERAL_CONVERSION = YES;
				CLANG_WARN_OBJC_ROOT_CLASS = YES_ERROR;
				CLANG_WARN_RANGE_LOOP_ANALYSIS = YES;
				CLANG_WARN_STRICT_PROTOTYPES = YES;
				CLANG_WARN_SUSPICIOUS_MOVE = YES;
				CLANG_WARN_UNGUARDED_AVAILABILITY = YES_AGGRESSIVE;
				CLANG_WARN_UNREACHABLE_CODE = YES;
				CLANG_WARN__DUPLICATE_METHOD_MATCH = YES;
				COPY_PHASE_STRIP = NO;
				DEBUG_INFORMATION_FORMAT = dwarf;
				ENABLE_STRICT_OBJC_MSGSEND = YES;
				ENABLE_TESTABILITY = YES;
				GCC_C_LANGUAGE_STANDARD = gnu11;
				GCC_DYNAMIC_NO_PIC = NO;
				GCC_NO_COMMON_BLOCKS = YES;
				GCC_OPTIMIZATION_LEVEL = 0;
				GCC_PREPROCESSOR_DEFINITIONS = (
					"DEBUG=1",
					"$(inherited)",
				);
				GCC_WARN_64_TO_32_BIT_CONVERSION = YES;
				GCC_WARN_ABOUT_RETURN_TYPE = YES_ERROR;
				GCC_WARN_UNDECLARED_SELECTOR = YES;
				GCC_WARN_UNINITIALIZED_AUTOS = YES_AGGRESSIVE;
				GCC_WARN_UNUSED_FUNCTION = YES;
				GCC_WARN_UNUSED_VARIABLE = YES;
				MACOSX_DEPLOYMENT_TARGET = 10.15;
				MTL_ENABLE_DEBUG_INFO = INCLUDE_SOURCE;
				MTL_FAST_MATH = YES;
				ONLY_ACTIVE_ARCH = YES;
				SDKROOT = macosx;
			};
			name = Debug;
		};
		F18D6EAA23DFEEFA006C4BEE /* Release */ = {
			isa = XCBuildConfiguration;
			buildSettings = {
				ALWAYS_SEARCH_USER_PATHS = NO;
				CLANG_ANALYZER_NONNULL = YES;
				CLANG_ANALYZER_NUMBER_OBJECT_CONVERSION = YES_AGGRESSIVE;
				CLANG_CXX_LANGUAGE_STANDARD = "gnu++14";
				CLANG_CXX_LIBRARY = "libc++";
				CLANG_ENABLE_MODULES = YES;
				CLANG_ENABLE_OBJC_ARC = YES;
				CLANG_ENABLE_OBJC_WEAK = YES;
				CLANG_WARN_BLOCK_CAPTURE_AUTORELEASING = YES;
				CLANG_WARN_BOOL_CONVERSION = YES;
				CLANG_WARN_COMMA = YES;
				CLANG_WARN_CONSTANT_CONVERSION = YES;
				CLANG_WARN_DEPRECATED_OBJC_IMPLEMENTATIONS = YES;
				CLANG_WARN_DIRECT_OBJC_ISA_USAGE = YES_ERROR;
				CLANG_WARN_DOCUMENTATION_COMMENTS = YES;
				CLANG_WARN_EMPTY_BODY = YES;
				CLANG_WARN_ENUM_CONVERSION = YES;
				CLANG_WARN_INFINITE_RECURSION = YES;
				CLANG_WARN_INT_CONVERSION = YES;
				CLANG_WARN_NON_LITERAL_NULL_CONVERSION = YES;
				CLANG_WARN_OBJC_IMPLICIT_RETAIN_SELF = YES;
				CLANG_WARN_OBJC_LITERAL_CONVERSION = YES;
				CLANG_WARN_OBJC_ROOT_CLASS = YES_ERROR;
				CLANG_WARN_RANGE_LOOP_ANALYSIS = YES;
				CLANG_WARN_STRICT_PROTOTYPES = YES;
				CLANG_WARN_SUSPICIOUS_MOVE = YES;
				CLANG_WARN_UNGUARDED_AVAILABILITY = YES_AGGRESSIVE;
				CLANG_WARN_UNREACHABLE_CODE = YES;
				CLANG_WARN__DUPLICATE_METHOD_MATCH = YES;
				COPY_PHASE_STRIP = NO;
				DEBUG_INFORMATION_FORMAT = "dwarf-with-dsym";
				ENABLE_NS_ASSERTIONS = NO;
				ENABLE_STRICT_OBJC_MSGSEND = YES;
				GCC_C_LANGUAGE_STANDARD = gnu11;
				GCC_NO_COMMON_BLOCKS = YES;
				GCC_WARN_64_TO_32_BIT_CONVERSION = YES;
				GCC_WARN_ABOUT_RETURN_TYPE = YES_ERROR;
				GCC_WARN_UNDECLARED_SELECTOR = YES;
				GCC_WARN_UNINITIALIZED_AUTOS = YES_AGGRESSIVE;
				GCC_WARN_UNUSED_FUNCTION = YES;
				GCC_WARN_UNUSED_VARIABLE = YES;
				MACOSX_DEPLOYMENT_TARGET = 10.15;
				MTL_ENABLE_DEBUG_INFO = NO;
				MTL_FAST_MATH = YES;
				SDKROOT = macosx;
			};
			name = Release;
		};
		F18D6EAC23DFEEFA006C4BEE /* Debug */ = {
			isa = XCBuildConfiguration;
			buildSettings = {
				CODE_SIGN_STYLE = Automatic;
				DEVELOPMENT_TEAM = KL2JALR869;
				ENABLE_HARDENED_RUNTIME = YES;
				PRODUCT_NAME = "$(TARGET_NAME)";
			};
			name = Debug;
		};
		F18D6EAD23DFEEFA006C4BEE /* Release */ = {
			isa = XCBuildConfiguration;
			buildSettings = {
				CODE_SIGN_STYLE = Automatic;
				DEVELOPMENT_TEAM = KL2JALR869;
				ENABLE_HARDENED_RUNTIME = YES;
				PRODUCT_NAME = "$(TARGET_NAME)";
			};
			name = Release;
		};
/* End XCBuildConfiguration section */

/* Begin XCConfigurationList section */
		F18D6E9F23DFEEFA006C4BEE /* Build configuration list for PBXProject "WFC" */ = {
			isa = XCConfigurationList;
			buildConfigurations = (
				F18D6EA923DFEEFA006C4BEE /* Debug */,
				F18D6EAA23DFEEFA006C4BEE /* Release */,
			);
			defaultConfigurationIsVisible = 0;
			defaultConfigurationName = Release;
		};
		F18D6EAB23DFEEFA006C4BEE /* Build configuration list for PBXNativeTarget "WFC" */ = {
			isa = XCConfigurationList;
			buildConfigurations = (
				F18D6EAC23DFEEFA006C4BEE /* Debug */,
				F18D6EAD23DFEEFA006C4BEE /* Release */,
			);
			defaultConfigurationIsVisible = 0;
			defaultConfigurationName = Release;
		};
/* End XCConfigurationList section */
	};
	rootObject = F18D6E9C23DFEEFA006C4BEE /* Project object */;
}
